payload:
  - IP-CIDR,124.71.68.111,no-resolve
  - IP-CIDR,198.18.1.20,no-resolve
  - IP-CIDR,198.18.1.32,no-resolve
  - IP-CIDR,27.44.125.99,no-resolve
  - IP-CIDR,59.82.34.225,no-resolve
  - DOMAIN-SUFFIX,aa.birdgesdk.com,REJECT
  - DOMAIN-SUFFIX,abtest-ch.snssdk.com,REJECT
  - DOMAIN-SUFFIX,ad-api.adn-plus.com.cn,REJECT
  - DOMAIN-SUFFIX,ad.shunchangzhixing.com,REJECT
  - DOMAIN-SUFFIX,adimage.bwton.com,REJECT
  - DOMAIN-SUFFIX,admin.hzjizhun.cn,REJECT
  - DOMAIN-SUFFIX,adx-bj.anythinktech.com,REJECT
  - DOMAIN-SUFFIX,adx-data.yfanads.com,REJECT
  - DOMAIN-SUFFIX,ap1.qiyukf.com,REJECT
  - DOMAIN-SUFFIX,api-access.pangolin-sdk-toutiao.com,REJECT
  - DOMAIN-SUFFIX,api-access.pangolin-sdk-toutiao1.com,REJECT
  - DOMAIN-SUFFIX,api.yfanads.com,REJECT
  - DOMAIN-SUFFIX,apmplus.volces.com,REJECT
  - DOMAIN-SUFFIX,app-cold-water.china-qzxy.cn,REJECT
  - DOMAIN-SUFFIX,audid-api.taobao.com,REJECT
  - DOMAIN-SUFFIX,b-gtc.getui.net,REJECT
  - DOMAIN-SUFFIX,b-gy.getui.net,REJECT
  - DOMAIN-SUFFIX,c-gtc.getui.net,REJECT
  - DOMAIN-SUFFIX,c-gy.getui.net,REJECT
  - DOMAIN-SUFFIX,c-hzgt2.getui.com,REJECT
  - DOMAIN-SUFFIX,cdn-mum.alibabachengdun.com,REJECT
  - DOMAIN-SUFFIX,cdn.1rtb.com,REJECT
  - DOMAIN-SUFFIX,ce3e75d5.jpush.cn,REJECT
  - DOMAIN-SUFFIX,cn-api.anythinktech.com,REJECT
  - DOMAIN-SUFFIX,config.jpush.cn,REJECT
  - DOMAIN-SUFFIX,config2.cmpassport.com,REJECT
  - DOMAIN-SUFFIX,datagw-edge.alipay.com,REJECT
  - DOMAIN-SUFFIX,dataservice.alipayobjects.com,REJECT
  - DOMAIN-SUFFIX,datk.anythinktech.com,REJECT
  - DOMAIN-SUFFIX,dsp-x.jd.com,REJECT
  - DOMAIN-SUFFIX,dualstack-a.apilocate.amap.com,REJECT
  - DOMAIN-SUFFIX,errnewlog.umeng.com,REJECT
  - DOMAIN-SUFFIX,gw.alipayobjects.com,REJECT
  - DOMAIN-SUFFIX,gy.getui.net,REJECT
  - DOMAIN-SUFFIX,httpdns.yunxindns.com,REJECT
  - DOMAIN-SUFFIX,is.snssdk.com,REJECT
  - DOMAIN-SUFFIX,janapi.jd.com,REJECT
  - DOMAIN-SUFFIX,lbs.netease.im,REJECT
  - DOMAIN-SUFFIX,lf-cdn-tos.bytescm.com,REJECT
  - DOMAIN-SUFFIX,lf1-cdn-tos.bytegoofy.com,REJECT
  - DOMAIN-SUFFIX,link123.yunxinfw.com,REJECT
  - DOMAIN-SUFFIX,log-api.pangolin-sdk-toutiao.com,REJECT
  - DOMAIN-SUFFIX,log.snssdk.com,REJECT
  - DOMAIN-SUFFIX,log.zijieapi.com,REJECT
  - DOMAIN-SUFFIX,log2.cmpassport.com,REJECT
  - DOMAIN-SUFFIX,mdap.alipay.com,REJECT
  - DOMAIN-SUFFIX,mdap.mpaas.cn-hangzhou.aliyuncs.com,REJECT
  - DOMAIN-SUFFIX,mdn.alicdn.com,REJECT
  - DOMAIN-SUFFIX,mdn.alipayobjects.com,REJECT
  - DOMAIN-SUFFIX,mgw.alipay.com,REJECT
  - DOMAIN-SUFFIX,mi.gdt.qq.com,REJECT
  - DOMAIN-SUFFIX,mq.china-qzxy.cn,REJECT
  - DOMAIN-SUFFIX,mssdk-bu.bytedance.com,REJECT
  - DOMAIN-SUFFIX,mssdk.volces.com,REJECT
  - DOMAIN-SUFFIX,nr-op.elemecdn.com,REJECT
  - DOMAIN-SUFFIX,oss.china-qzxy.cn,REJECT
  - DOMAIN-SUFFIX,p3-ecom-ug.byteimg.com,REJECT
  - DOMAIN-SUFFIX,p4-lm.adukwai.com,REJECT
  - DOMAIN-SUFFIX,pgdt.ugdtimg.com,REJECT
  - DOMAIN-SUFFIX,pitk.birdgesdk.com,REJECT
  - DOMAIN-SUFFIX,pulse.jpush.cn,REJECT
  - DOMAIN-SUFFIX,report.shunchangzhixing.com,REJECT
  - DOMAIN-SUFFIX,resource.ad-scope.com.cn,REJECT
  - DOMAIN-SUFFIX,s.1rtb.net,REJECT
  - DOMAIN-SUFFIX,sdk.1rtb.net,REJECT
  - DOMAIN-SUFFIX,sdk.beizi.biz,REJECT
  - DOMAIN-SUFFIX,sdk.e.qq.com,REJECT
  - DOMAIN-SUFFIX,sdk.open.phone.igexin.com,REJECT
  - DOMAIN-SUFFIX,sdk.zhangyuyidong.cn,REJECT
  - DOMAIN-SUFFIX,sdktmp.hubcloud.com.cn,REJECT
  - DOMAIN-SUFFIX,sf3-fe-tos.pglstatp-toutiao.com,REJECT
  - DOMAIN-SUFFIX,sf6-fe-tos.pglstatp-toutiao.com,REJECT
  - DOMAIN-SUFFIX,ssp.1rtb.com,REJECT
  - DOMAIN-SUFFIX,statistic.live.126.net,REJECT
  - DOMAIN-SUFFIX,status-ipv6.jpush.cn,REJECT
  - DOMAIN-SUFFIX,tdid.m.qq.com,REJECT
  - DOMAIN-SUFFIX,tnc0-aliec2.zijieapi.com,REJECT
  - DOMAIN-SUFFIX,toblog.ctobsnssdk.com,REJECT
  - DOMAIN-SUFFIX,tracker.yfanads.com,REJECT
  - DOMAIN-SUFFIX,ulogs.umeng.com,REJECT
  - DOMAIN-SUFFIX,umini.shujupie.com,REJECT
  - DOMAIN-SUFFIX,usergrowth.ecombdapi.com,REJECT
  - DOMAIN-SUFFIX,utoken.umeng.com,REJECT
  - DOMAIN-SUFFIX,v2mi.gdt.qq.com,REJECT
  - DOMAIN-SUFFIX,v3-api.china-qzxy.cn,REJECT
  - DOMAIN-SUFFIX,v4-lm.adukwai.com,REJECT
  - DOMAIN-SUFFIX,vcs.zijieapi.com,REJECT
  - DOMAIN-SUFFIX,waimai-guide.ele.me,REJECT
  - DOMAIN-SUFFIX,wanproxy-hz.127.net,REJECT
  - DOMAIN-SUFFIX,webcast-open.douyin.com,REJECT
  - DOMAIN-SUFFIX,webcast5-open-lf.douyin.com,REJECT
  - DOMAIN-SUFFIX,win.gdt.qq.com,REJECT
  - DOMAIN-SUFFIX,workklcxkj.oss-cn-shenzhen.aliyuncs.com,REJECT
  - DOMAIN-SUFFIX,xlog.jd.com,REJECT
  - DOMAIN-SUFFIX,ynuf.aliapp.org,REJECT
