payload:
  - DOMAIN-KEYWORD,anythinktech,REJECT
  - DOMAIN-KEYWORD,toutiao,REJECT
  - DOMAIN-SUFFIX,umeng.com,REJECT
  - DOMAIN-SUFFIX,umengcloud.com,REJECT
  - DOMAIN-SUFFIX,yfanads.com,REJECT
  - DOMAIN-SUFFIX,gdt.qq.com,REJECT
  - DOMAIN-SUFFIX,netease.im,REJECT
  - DOMAIN-SUFFIX,beizi.biz,REJECT
  - DOMAIN-SUFFIX,zijieapi.com,REJECT
  - DOMAIN-KEYWORD,yunxin,REJECT
  - DOMAIN-SUFFIX,open.kuaishouzt.com,REJECT
  - DOMAIN-SUFFIX,open.kwaizt.com,REJECT
  - DOMAIN-SUFFIX,kskwai.com,REJECT
  - DOMAIN-SUFFIX,webcast-open.douyin.com,REJECT
  - DOMAIN-SUFFIX,lf-cdn-tos.bytescm.com,REJECT
  - DOMAIN-SUFFIX,sdk.e.qq.com,REJECT
  - DOMAIN-SUFFIX,sdktmp.hubcloud.com.cn,REJECT
  - DOMAIN-SUFFIX,mdap.mpaas.cn-hangzhou.aliyuncs.com,REJECT
  - DOMAIN-SUFFIX,sdkoptedge.chinanetcenter.com,REJECT
  - DOMAIN-SUFFIX,pgdt.ugdtimg.com,REJECT
  - DOMAIN-SUFFIX,mssdk.volces.com,REJECT